
Microsoft Visual Studio Solution File, Format Version 12.00
# Visual Studio Version 17
VisualStudioVersion = 17.4.33103.184
MinimumVisualStudioVersion = 10.0.40219.1
Project("{9A19103F-16F7-4668-BE54-9A1E7A4F7556}") = "BulkyWeb", "BulkyWeb\BulkyWeb.csproj", "{1C8D88C5-3629-4BAE-8150-5277DB023ADF}"
EndProject
Project("{9A19103F-16F7-4668-BE54-9A1E7A4F7556}") = "Bulky.DataAccess", "Bulky.DataAccess\Bulky.DataAccess.csproj", "{985BB61D-0874-4335-8190-A036F1CA4C53}"
EndProject
Project("{9A19103F-16F7-4668-BE54-9A1E7A4F7556}") = "Bulky.Models", "Bulky.Models\Bulky.Models.csproj", "{88EDD0D1-7D26-4DBC-9BA3-83172B98133A}"
EndProject
Project("{9A19103F-16F7-4668-BE54-9A1E7A4F7556}") = "Bulky.Utilities", "Bulky.Utilities\Bulky.Utilities.csproj", "{6BF09C6A-2B9A-474A-89DF-CA657CB2DA28}"
EndProject
Global
	GlobalSection(SolutionConfigurationPlatforms) = preSolution
		Debug|Any CPU = Debug|Any CPU
		Release|Any CPU = Release|Any CPU
	EndGlobalSection
	GlobalSection(ProjectConfigurationPlatforms) = postSolution
		{1C8D88C5-3629-4BAE-8150-5277DB023ADF}.Debug|Any CPU.ActiveCfg = Debug|Any CPU
		{1C8D88C5-3629-4BAE-8150-5277DB023ADF}.Debug|Any CPU.Build.0 = Debug|Any CPU
		{1C8D88C5-3629-4BAE-8150-5277DB023ADF}.Release|Any CPU.ActiveCfg = Release|Any CPU
		{1C8D88C5-3629-4BAE-8150-5277DB023ADF}.Release|Any CPU.Build.0 = Release|Any CPU
		{985BB61D-0874-4335-8190-A036F1CA4C53}.Debug|Any CPU.ActiveCfg = Debug|Any CPU
		{985BB61D-0874-4335-8190-A036F1CA4C53}.Debug|Any CPU.Build.0 = Debug|Any CPU
		{985BB61D-0874-4335-8190-A036F1CA4C53}.Release|Any CPU.ActiveCfg = Release|Any CPU
		{985BB61D-0874-4335-8190-A036F1CA4C53}.Release|Any CPU.Build.0 = Release|Any CPU
		{88EDD0D1-7D26-4DBC-9BA3-83172B98133A}.Debug|Any CPU.ActiveCfg = Debug|Any CPU
		{88EDD0D1-7D26-4DBC-9BA3-83172B98133A}.Debug|Any CPU.Build.0 = Debug|Any CPU
		{88EDD0D1-7D26-4DBC-9BA3-83172B98133A}.Release|Any CPU.ActiveCfg = Release|Any CPU
		{88EDD0D1-7D26-4DBC-9BA3-83172B98133A}.Release|Any CPU.Build.0 = Release|Any CPU
		{6BF09C6A-2B9A-474A-89DF-CA657CB2DA28}.Debug|Any CPU.ActiveCfg = Debug|Any CPU
		{6BF09C6A-2B9A-474A-89DF-CA657CB2DA28}.Debug|Any CPU.Build.0 = Debug|Any CPU
		{6BF09C6A-2B9A-474A-89DF-CA657CB2DA28}.Release|Any CPU.ActiveCfg = Release|Any CPU
		{6BF09C6A-2B9A-474A-89DF-CA657CB2DA28}.Release|Any CPU.Build.0 = Release|Any CPU
	EndGlobalSection
	GlobalSection(SolutionProperties) = preSolution
		HideSolutionNode = FALSE
	EndGlobalSection
	GlobalSection(ExtensibilityGlobals) = postSolution
		SolutionGuid = {0B923AD3-9DFF-4539-887F-A9E3031D047D}
	EndGlobalSection
EndGlobal
